
Microsoft Visual Studio Solution File, Format Version 12.00
# Visual Studio Version 17
VisualStudioVersion = 17.8.34601.278
MinimumVisualStudioVersion = 10.0.40219.1
Project("{9A19103F-16F7-4668-BE54-9A1E7A4F7556}") = "pdf-signature-validator", "pdf-signature-validator.csproj", "{7CBAE17C-5078-4D0B-98C6-88DE2B310D56}"
EndProject
Global
	GlobalSection(SolutionConfigurationPlatforms) = preSolution
		Debug|Any CPU = Debug|Any CPU
		Release|Any CPU = Release|Any CPU
	EndGlobalSection
	GlobalSection(ProjectConfigurationPlatforms) = postSolution
		{7CBAE17C-5078-4D0B-98C6-88DE2B310D56}.Debug|Any CPU.ActiveCfg = Debug|Any CPU
		{7CBAE17C-5078-4D0B-98C6-88DE2B310D56}.Debug|Any CPU.Build.0 = Debug|Any CPU
		{7CBAE17C-5078-4D0B-98C6-88DE2B310D56}.Release|Any CPU.ActiveCfg = Release|Any CPU
		{7CBAE17C-5078-4D0B-98C6-88DE2B310D56}.Release|Any CPU.Build.0 = Release|Any CPU
	EndGlobalSection
	GlobalSection(SolutionProperties) = preSolution
		HideSolutionNode = FALSE
	EndGlobalSection
	GlobalSection(ExtensibilityGlobals) = postSolution
		SolutionGuid = {4E7DAA71-33B2-4222-89BE-346E430BC61A}
	EndGlobalSection
EndGlobal
